// !$*UTF8*$!
{
	archiveVersion = 1;
	classes = {
	};
	objectVersion = 56;
	objects = {

/* Begin PBXBuildFile section */
		E9A7B0502A664491006F6B15 /* AppDelegate.swift in Sources */ = {isa = PBXBuildFile; fileRef = E9A7B04F2A664491006F6B15 /* AppDelegate.swift */; };
		E9A7B0522A664491006F6B15 /* SceneDelegate.swift in Sources */ = {isa = PBXBuildFile; fileRef = E9A7B0512A664491006F6B15 /* SceneDelegate.swift */; };
		E9A7B0542A664491006F6B15 /* ViewController.swift in Sources */ = {isa = PBXBuildFile; fileRef = E9A7B0532A664491006F6B15 /* ViewController.swift */; };
		E9A7B0572A664491006F6B15 /* Main.storyboard in Resources */ = {isa = PBXBuildFile; fileRef = E9A7B0552A664491006F6B15 /* Main.storyboard */; };
		E9A7B0592A664492006F6B15 /* Assets.xcassets in Resources */ = {isa = PBXBuildFile; fileRef = E9A7B0582A664492006F6B15 /* Assets.xcassets */; };
		E9A7B05C2A664492006F6B15 /* LaunchScreen.storyboard in Resources */ = {isa = PBXBuildFile; fileRef = E9A7B05A2A664492006F6B15 /* LaunchScreen.storyboard */; };
		E9F459742A667278006CEF33 /* AdsCarousel in Frameworks */ = {isa = PBXBuildFile; productRef = E9F459732A667278006CEF33 /* AdsCarousel */; };
/* End PBXBuildFile section */

/* Begin PBXFileReference section */
		E9A7B04C2A664491006F6B15 /* AdsCarouselDemo.app */ = {isa = PBXFileReference; explicitFileType = wrapper.application; includeInIndex = 0; path = AdsCarouselDemo.app; sourceTree = BUILT_PRODUCTS_DIR; };
		E9A7B04F2A664491006F6B15 /* AppDelegate.swift */ = {isa = PBXFileReference; lastKnownFileType = sourcecode.swift; path = AppDelegate.swift; sourceTree = "<group>"; };
		E9A7B0512A664491006F6B15 /* SceneDelegate.swift */ = {isa = PBXFileReference; lastKnownFileType = sourcecode.swift; path = SceneDelegate.swift; sourceTree = "<group>"; };
		E9A7B0532A664491006F6B15 /* ViewController.swift */ = {isa = PBXFileReference; lastKnownFileType = sourcecode.swift; path = ViewController.swift; sourceTree = "<group>"; };
		E9A7B0562A664491006F6B15 /* Base */ = {isa = PBXFileReference; lastKnownFileType = file.storyboard; name = Base; path = Base.lproj/Main.storyboard; sourceTree = "<group>"; };
		E9A7B0582A664492006F6B15 /* Assets.xcassets */ = {isa = PBXFileReference; lastKnownFileType = folder.assetcatalog; path = Assets.xcassets; sourceTree = "<group>"; };
		E9A7B05B2A664492006F6B15 /* Base */ = {isa = PBXFileReference; lastKnownFileType = file.storyboard; name = Base; path = Base.lproj/LaunchScreen.storyboard; sourceTree = "<group>"; };
		E9A7B05D2A664492006F6B15 /* Info.plist */ = {isa = PBXFileReference; lastKnownFileType = text.plist.xml; path = Info.plist; sourceTree = "<group>"; };
		E9A7B0672A6671E3006F6B15 /* AdsCarousel */ = {isa = PBXFileReference; lastKnownFileType = wrapper; name = AdsCarousel; path = ../../..; sourceTree = "<group>"; };
/* End PBXFileReference section */

/* Begin PBXFrameworksBuildPhase section */
		E9A7B0492A664491006F6B15 /* Frameworks */ = {
			isa = PBXFrameworksBuildPhase;
			buildActionMask = 2147483647;
			files = (
				E9F459742A667278006CEF33 /* AdsCarousel in Frameworks */,
			);
			runOnlyForDeploymentPostprocessing = 0;
		};
/* End PBXFrameworksBuildPhase section */

/* Begin PBXGroup section */
		E9A7B0432A664491006F6B15 = {
			isa = PBXGroup;
			children = (
				E9A7B0632A664A0C006F6B15 /* Packages */,
				E9A7B04E2A664491006F6B15 /* AdsCarouselDemo */,
				E9A7B04D2A664491006F6B15 /* Products */,
				E9F459722A667278006CEF33 /* Frameworks */,
			);
			sourceTree = "<group>";
		};
		E9A7B04D2A664491006F6B15 /* Products */ = {
			isa = PBXGroup;
			children = (
				E9A7B04C2A664491006F6B15 /* AdsCarouselDemo.app */,
			);
			name = Products;
			sourceTree = "<group>";
		};
		E9A7B04E2A664491006F6B15 /* AdsCarouselDemo */ = {
			isa = PBXGroup;
			children = (
				E9A7B04F2A664491006F6B15 /* AppDelegate.swift */,
				E9A7B0512A664491006F6B15 /* SceneDelegate.swift */,
				E9A7B0532A664491006F6B15 /* ViewController.swift */,
				E9A7B0552A664491006F6B15 /* Main.storyboard */,
				E9A7B0582A664492006F6B15 /* Assets.xcassets */,
				E9A7B05A2A664492006F6B15 /* LaunchScreen.storyboard */,
				E9A7B05D2A664492006F6B15 /* Info.plist */,
			);
			path = AdsCarouselDemo;
			sourceTree = "<group>";
		};
		E9A7B0632A664A0C006F6B15 /* Packages */ = {
			isa = PBXGroup;
			children = (
				E9A7B0672A6671E3006F6B15 /* AdsCarousel */,
			);
			name = Packages;
			sourceTree = "<group>";
		};
		E9F459722A667278006CEF33 /* Frameworks */ = {
			isa = PBXGroup;
			children = (
			);
			name = Frameworks;
			sourceTree = "<group>";
		};
/* End PBXGroup section */

/* Begin PBXNativeTarget section */
		E9A7B04B2A664491006F6B15 /* AdsCarouselDemo */ = {
			isa = PBXNativeTarget;
			buildConfigurationList = E9A7B0602A664492006F6B15 /* Build configuration list for PBXNativeTarget "AdsCarouselDemo" */;
			buildPhases = (
				E9A7B0482A664491006F6B15 /* Sources */,
				E9A7B0492A664491006F6B15 /* Frameworks */,
				E9A7B04A2A664491006F6B15 /* Resources */,
			);
			buildRules = (
			);
			dependencies = (
			);
			name = AdsCarouselDemo;
			packageProductDependencies = (
				E9F459732A667278006CEF33 /* AdsCarousel */,
			);
			productName = AdsCarouselDemo;
			productReference = E9A7B04C2A664491006F6B15 /* AdsCarouselDemo.app */;
			productType = "com.apple.product-type.application";
		};
/* End PBXNativeTarget section */

/* Begin PBXProject section */
		E9A7B0442A664491006F6B15 /* Project object */ = {
			isa = PBXProject;
			attributes = {
				BuildIndependentTargetsInParallel = 1;
				LastSwiftUpdateCheck = 1430;
				LastUpgradeCheck = 1430;
				TargetAttributes = {
					E9A7B04B2A664491006F6B15 = {
						CreatedOnToolsVersion = 14.3.1;
					};
				};
			};
			buildConfigurationList = E9A7B0472A664491006F6B15 /* Build configuration list for PBXProject "AdsCarouselDemo" */;
			compatibilityVersion = "Xcode 14.0";
			developmentRegion = en;
			hasScannedForEncodings = 0;
			knownRegions = (
				en,
				Base,
			);
			mainGroup = E9A7B0432A664491006F6B15;
			productRefGroup = E9A7B04D2A664491006F6B15 /* Products */;
			projectDirPath = "";
			projectRoot = "";
			targets = (
				E9A7B04B2A664491006F6B15 /* AdsCarouselDemo */,
			);
		};
/* End PBXProject section */

/* Begin PBXResourcesBuildPhase section */
		E9A7B04A2A664491006F6B15 /* Resources */ = {
			isa = PBXResourcesBuildPhase;
			buildActionMask = 2147483647;
			files = (
				E9A7B05C2A664492006F6B15 /* LaunchScreen.storyboard in Resources */,
				E9A7B0592A664492006F6B15 /* Assets.xcassets in Resources */,
				E9A7B0572A664491006F6B15 /* Main.storyboard in Resources */,
			);
			runOnlyForDeploymentPostprocessing = 0;
		};
/* End PBXResourcesBuildPhase section */

/* Begin PBXSourcesBuildPhase section */
		E9A7B0482A664491006F6B15 /* Sources */ = {
			isa = PBXSourcesBuildPhase;
			buildActionMask = 2147483647;
			files = (
				E9A7B0542A664491006F6B15 /* ViewController.swift in Sources */,
				E9A7B0502A664491006F6B15 /* AppDelegate.swift in Sources */,
				E9A7B0522A664491006F6B15 /* SceneDelegate.swift in Sources */,
			);
			runOnlyForDeploymentPostprocessing = 0;
		};
/* End PBXSourcesBuildPhase section */

/* Begin PBXVariantGroup section */
		E9A7B0552A664491006F6B15 /* Main.storyboard */ = {
			isa = PBXVariantGroup;
			children = (
				E9A7B0562A664491006F6B15 /* Base */,
			);
			name = Main.storyboard;
			sourceTree = "<group>";
		};
		E9A7B05A2A664492006F6B15 /* LaunchScreen.storyboard */ = {
			isa = PBXVariantGroup;
			children = (
				E9A7B05B2A664492006F6B15 /* Base */,
			);
			name = LaunchScreen.storyboard;
			sourceTree = "<group>";
		};
/* End PBXVariantGroup section */

/* Begin XCBuildConfiguration section */
		E9A7B05E2A664492006F6B15 /* Debug */ = {
			isa = XCBuildConfiguration;
			buildSettings = {
				ALWAYS_SEARCH_USER_PATHS = NO;
				CLANG_ANALYZER_NONNULL = YES;
				CLANG_ANALYZER_NUMBER_OBJECT_CONVERSION = YES_AGGRESSIVE;
				CLANG_CXX_LANGUAGE_STANDARD = "gnu++20";
				CLANG_ENABLE_MODULES = YES;
				CLANG_ENABLE_OBJC_ARC = YES;
				CLANG_ENABLE_OBJC_WEAK = YES;
				CLANG_WARN_BLOCK_CAPTURE_AUTORELEASING = YES;
				CLANG_WARN_BOOL_CONVERSION = YES;
				CLANG_WARN_COMMA = YES;
				CLANG_WARN_CONSTANT_CONVERSION = YES;
				CLANG_WARN_DEPRECATED_OBJC_IMPLEMENTATIONS = YES;
				CLANG_WARN_DIRECT_OBJC_ISA_USAGE = YES_ERROR;
				CLANG_WARN_DOCUMENTATION_COMMENTS = YES;
				CLANG_WARN_EMPTY_BODY = YES;
				CLANG_WARN_ENUM_CONVERSION = YES;
				CLANG_WARN_INFINITE_RECURSION = YES;
				CLANG_WARN_INT_CONVERSION = YES;
				CLANG_WARN_NON_LITERAL_NULL_CONVERSION = YES;
				CLANG_WARN_OBJC_IMPLICIT_RETAIN_SELF = YES;
				CLANG_WARN_OBJC_LITERAL_CONVERSION = YES;
				CLANG_WARN_OBJC_ROOT_CLASS = YES_ERROR;
				CLANG_WARN_QUOTED_INCLUDE_IN_FRAMEWORK_HEADER = YES;
				CLANG_WARN_RANGE_LOOP_ANALYSIS = YES;
				CLANG_WARN_STRICT_PROTOTYPES = YES;
				CLANG_WARN_SUSPICIOUS_MOVE = YES;
				CLANG_WARN_UNGUARDED_AVAILABILITY = YES_AGGRESSIVE;
				CLANG_WARN_UNREACHABLE_CODE = YES;
				CLANG_WARN__DUPLICATE_METHOD_MATCH = YES;
				COPY_PHASE_STRIP = NO;
				DEBUG_INFORMATION_FORMAT = dwarf;
				ENABLE_STRICT_OBJC_MSGSEND = YES;
				ENABLE_TESTABILITY = YES;
				GCC_C_LANGUAGE_STANDARD = gnu11;
				GCC_DYNAMIC_NO_PIC = NO;
				GCC_NO_COMMON_BLOCKS = YES;
				GCC_OPTIMIZATION_LEVEL = 0;
				GCC_PREPROCESSOR_DEFINITIONS = (
					"DEBUG=1",
					"$(inherited)",
				);
				GCC_WARN_64_TO_32_BIT_CONVERSION = YES;
				GCC_WARN_ABOUT_RETURN_TYPE = YES_ERROR;
				GCC_WARN_UNDECLARED_SELECTOR = YES;
				GCC_WARN_UNINITIALIZED_AUTOS = YES_AGGRESSIVE;
				GCC_WARN_UNUSED_FUNCTION = YES;
				GCC_WARN_UNUSED_VARIABLE = YES;
				IPHONEOS_DEPLOYMENT_TARGET = 16.4;
				MTL_ENABLE_DEBUG_INFO = INCLUDE_SOURCE;
				MTL_FAST_MATH = YES;
				ONLY_ACTIVE_ARCH = YES;
				SDKROOT = iphoneos;
				SWIFT_ACTIVE_COMPILATION_CONDITIONS = DEBUG;
				SWIFT_OPTIMIZATION_LEVEL = "-Onone";
			};
			name = Debug;
		};
		E9A7B05F2A664492006F6B15 /* Release */ = {
			isa = XCBuildConfiguration;
			buildSettings = {
				ALWAYS_SEARCH_USER_PATHS = NO;
				CLANG_ANALYZER_NONNULL = YES;
				CLANG_ANALYZER_NUMBER_OBJECT_CONVERSION = YES_AGGRESSIVE;
				CLANG_CXX_LANGUAGE_STANDARD = "gnu++20";
				CLANG_ENABLE_MODULES = YES;
				CLANG_ENABLE_OBJC_ARC = YES;
				CLANG_ENABLE_OBJC_WEAK = YES;
				CLANG_WARN_BLOCK_CAPTURE_AUTORELEASING = YES;
				CLANG_WARN_BOOL_CONVERSION = YES;
				CLANG_WARN_COMMA = YES;
				CLANG_WARN_CONSTANT_CONVERSION = YES;
				CLANG_WARN_DEPRECATED_OBJC_IMPLEMENTATIONS = YES;
				CLANG_WARN_DIRECT_OBJC_ISA_USAGE = YES_ERROR;
				CLANG_WARN_DOCUMENTATION_COMMENTS = YES;
				CLANG_WARN_EMPTY_BODY = YES;
				CLANG_WARN_ENUM_CONVERSION = YES;
				CLANG_WARN_INFINITE_RECURSION = YES;
				CLANG_WARN_INT_CONVERSION = YES;
				CLANG_WARN_NON_LITERAL_NULL_CONVERSION = YES;
				CLANG_WARN_OBJC_IMPLICIT_RETAIN_SELF = YES;
				CLANG_WARN_OBJC_LITERAL_CONVERSION = YES;
				CLANG_WARN_OBJC_ROOT_CLASS = YES_ERROR;
				CLANG_WARN_QUOTED_INCLUDE_IN_FRAMEWORK_HEADER = YES;
				CLANG_WARN_RANGE_LOOP_ANALYSIS = YES;
				CLANG_WARN_STRICT_PROTOTYPES = YES;
				CLANG_WARN_SUSPICIOUS_MOVE = YES;
				CLANG_WARN_UNGUARDED_AVAILABILITY = YES_AGGRESSIVE;
				CLANG_WARN_UNREACHABLE_CODE = YES;
				CLANG_WARN__DUPLICATE_METHOD_MATCH = YES;
				COPY_PHASE_STRIP = NO;
				DEBUG_INFORMATION_FORMAT = "dwarf-with-dsym";
				ENABLE_NS_ASSERTIONS = NO;
				ENABLE_STRICT_OBJC_MSGSEND = YES;
				GCC_C_LANGUAGE_STANDARD = gnu11;
				GCC_NO_COMMON_BLOCKS = YES;
				GCC_WARN_64_TO_32_BIT_CONVERSION = YES;
				GCC_WARN_ABOUT_RETURN_TYPE = YES_ERROR;
				GCC_WARN_UNDECLARED_SELECTOR = YES;
				GCC_WARN_UNINITIALIZED_AUTOS = YES_AGGRESSIVE;
				GCC_WARN_UNUSED_FUNCTION = YES;
				GCC_WARN_UNUSED_VARIABLE = YES;
				IPHONEOS_DEPLOYMENT_TARGET = 16.4;
				MTL_ENABLE_DEBUG_INFO = NO;
				MTL_FAST_MATH = YES;
				SDKROOT = iphoneos;
				SWIFT_COMPILATION_MODE = wholemodule;
				SWIFT_OPTIMIZATION_LEVEL = "-O";
				VALIDATE_PRODUCT = YES;
			};
			name = Release;
		};
		E9A7B0612A664492006F6B15 /* Debug */ = {
			isa = XCBuildConfiguration;
			buildSettings = {
				ASSETCATALOG_COMPILER_APPICON_NAME = AppIcon;
				ASSETCATALOG_COMPILER_GLOBAL_ACCENT_COLOR_NAME = AccentColor;
				CODE_SIGN_IDENTITY = "Apple Development";
				CODE_SIGN_STYLE = Automatic;
				CURRENT_PROJECT_VERSION = 1;
				DEVELOPMENT_TEAM = QTP2L5H876;
				GENERATE_INFOPLIST_FILE = YES;
				INFOPLIST_FILE = AdsCarouselDemo/Info.plist;
				INFOPLIST_KEY_UIApplicationSupportsIndirectInputEvents = YES;
				INFOPLIST_KEY_UILaunchStoryboardName = LaunchScreen;
				INFOPLIST_KEY_UIMainStoryboardFile = Main;
				INFOPLIST_KEY_UISupportedInterfaceOrientations_iPad = "UIInterfaceOrientationPortrait UIInterfaceOrientationPortraitUpsideDown UIInterfaceOrientationLandscapeLeft UIInterfaceOrientationLandscapeRight";
				INFOPLIST_KEY_UISupportedInterfaceOrientations_iPhone = "UIInterfaceOrientationPortrait UIInterfaceOrientationLandscapeLeft UIInterfaceOrientationLandscapeRight";
				IPHONEOS_DEPLOYMENT_TARGET = 13.0;
				LD_RUNPATH_SEARCH_PATHS = (
					"$(inherited)",
					"@executable_path/Frameworks",
				);
				MARKETING_VERSION = 1.0;
				PRODUCT_BUNDLE_IDENTIFIER = GoGoX.Tech.AdsCarouselDemo;
				PRODUCT_NAME = "$(TARGET_NAME)";
				PROVISIONING_PROFILE_SPECIFIER = "";
				SWIFT_EMIT_LOC_STRINGS = YES;
				SWIFT_VERSION = 5.0;
				TARGETED_DEVICE_FAMILY = "1,2";
			};
			name = Debug;
		};
		E9A7B0622A664492006F6B15 /* Release */ = {
			isa = XCBuildConfiguration;
			buildSettings = {
				ASSETCATALOG_COMPILER_APPICON_NAME = AppIcon;
				ASSETCATALOG_COMPILER_GLOBAL_ACCENT_COLOR_NAME = AccentColor;
				CODE_SIGN_IDENTITY = "Apple Development";
				CODE_SIGN_STYLE = Automatic;
				CURRENT_PROJECT_VERSION = 1;
				DEVELOPMENT_TEAM = QTP2L5H876;
				GENERATE_INFOPLIST_FILE = YES;
				INFOPLIST_FILE = AdsCarouselDemo/Info.plist;
				INFOPLIST_KEY_UIApplicationSupportsIndirectInputEvents = YES;
				INFOPLIST_KEY_UILaunchStoryboardName = LaunchScreen;
				INFOPLIST_KEY_UIMainStoryboardFile = Main;
				INFOPLIST_KEY_UISupportedInterfaceOrientations_iPad = "UIInterfaceOrientationPortrait UIInterfaceOrientationPortraitUpsideDown UIInterfaceOrientationLandscapeLeft UIInterfaceOrientationLandscapeRight";
				INFOPLIST_KEY_UISupportedInterfaceOrientations_iPhone = "UIInterfaceOrientationPortrait UIInterfaceOrientationLandscapeLeft UIInterfaceOrientationLandscapeRight";
				IPHONEOS_DEPLOYMENT_TARGET = 13.0;
				LD_RUNPATH_SEARCH_PATHS = (
					"$(inherited)",
					"@executable_path/Frameworks",
				);
				MARKETING_VERSION = 1.0;
				PRODUCT_BUNDLE_IDENTIFIER = GoGoX.Tech.AdsCarouselDemo;
				PRODUCT_NAME = "$(TARGET_NAME)";
				PROVISIONING_PROFILE_SPECIFIER = "";
				SWIFT_EMIT_LOC_STRINGS = YES;
				SWIFT_VERSION = 5.0;
				TARGETED_DEVICE_FAMILY = "1,2";
			};
			name = Release;
		};
/* End XCBuildConfiguration section */

/* Begin XCConfigurationList section */
		E9A7B0472A664491006F6B15 /* Build configuration list for PBXProject "AdsCarouselDemo" */ = {
			isa = XCConfigurationList;
			buildConfigurations = (
				E9A7B05E2A664492006F6B15 /* Debug */,
				E9A7B05F2A664492006F6B15 /* Release */,
			);
			defaultConfigurationIsVisible = 0;
			defaultConfigurationName = Release;
		};
		E9A7B0602A664492006F6B15 /* Build configuration list for PBXNativeTarget "AdsCarouselDemo" */ = {
			isa = XCConfigurationList;
			buildConfigurations = (
				E9A7B0612A664492006F6B15 /* Debug */,
				E9A7B0622A664492006F6B15 /* Release */,
			);
			defaultConfigurationIsVisible = 0;
			defaultConfigurationName = Release;
		};
/* End XCConfigurationList section */

/* Begin XCSwiftPackageProductDependency section */
		E9F459732A667278006CEF33 /* AdsCarousel */ = {
			isa = XCSwiftPackageProductDependency;
			productName = AdsCarousel;
		};
/* End XCSwiftPackageProductDependency section */
	};
	rootObject = E9A7B0442A664491006F6B15 /* Project object */;
}
